// !$*UTF8*$!
{
	archiveVersion = 1;
	classes = {
	};
	objectVersion = 50;
	objects = {

/* Begin PBXBuildFile section */
		4B64AEDD22BFAEFC0078C63B /* objc-internal.h in Resources */ = {isa = PBXBuildFile; fileRef = 4B64AEDC22BFAEFC0078C63B /* objc-internal.h */; };
		4B64AEE122BFC4200078C63B /* TestHelper.m in Sources */ = {isa = PBXBuildFile; fileRef = 4B64AEE022BFC4200078C63B /* TestHelper.m */; };
		4B9A4C9022BA6F22005F29FF /* AppDelegate.m in Sources */ = {isa = PBXBuildFile; fileRef = 4B9A4C8F22BA6F22005F29FF /* AppDelegate.m */; };
		4B9A4C9322BA6F22005F29FF /* ViewController.m in Sources */ = {isa = PBXBuildFile; fileRef = 4B9A4C9222BA6F22005F29FF /* ViewController.m */; };
		4B9A4C9622BA6F22005F29FF /* Main.storyboard in Resources */ = {isa = PBXBuildFile; fileRef = 4B9A4C9422BA6F22005F29FF /* Main.storyboard */; };
		4B9A4C9822BA6F23005F29FF /* Assets.xcassets in Resources */ = {isa = PBXBuildFile; fileRef = 4B9A4C9722BA6F23005F29FF /* Assets.xcassets */; };
		4B9A4C9B22BA6F23005F29FF /* LaunchScreen.storyboard in Resources */ = {isa = PBXBuildFile; fileRef = 4B9A4C9922BA6F23005F29FF /* LaunchScreen.storyboard */; };
		4B9A4C9E22BA6F23005F29FF /* main.m in Sources */ = {isa = PBXBuildFile; fileRef = 4B9A4C9D22BA6F23005F29FF /* main.m */; };
		4B9A4CA822BA6F23005F29FF /* StringMemoryTests.m in Sources */ = {isa = PBXBuildFile; fileRef = 4B9A4CA722BA6F23005F29FF /* StringMemoryTests.m */; };
		4B9BDCD122BD86D8009FD96B /* Universal.h in Headers */ = {isa = PBXBuildFile; fileRef = 4B9BDCCF22BD86D8009FD96B /* Universal.h */; settings = {ATTRIBUTES = (Public, ); }; };
		4B9BDCD422BD86D8009FD96B /* Universal.framework in Frameworks */ = {isa = PBXBuildFile; fileRef = 4B9BDCCD22BD86D8009FD96B /* Universal.framework */; };
		4B9BDCD522BD86D8009FD96B /* Universal.framework in Embed Frameworks */ = {isa = PBXBuildFile; fileRef = 4B9BDCCD22BD86D8009FD96B /* Universal.framework */; settings = {ATTRIBUTES = (CodeSignOnCopy, RemoveHeadersOnCopy, ); }; };
		4B9BDCDC22BD88E8009FD96B /* SafeString.h in Headers */ = {isa = PBXBuildFile; fileRef = 4B9BDCDA22BD88E8009FD96B /* SafeString.h */; settings = {ATTRIBUTES = (Public, ); }; };
		4B9BDCDD22BD88E8009FD96B /* SafeString.m in Sources */ = {isa = PBXBuildFile; fileRef = 4B9BDCDB22BD88E8009FD96B /* SafeString.m */; };
/* End PBXBuildFile section */

/* Begin PBXContainerItemProxy section */
		4B9BDCD222BD86D8009FD96B /* PBXContainerItemProxy */ = {
			isa = PBXContainerItemProxy;
			containerPortal = 4B9A4C8322BA6F22005F29FF /* Project object */;
			proxyType = 1;
			remoteGlobalIDString = 4B9BDCCC22BD86D8009FD96B;
			remoteInfo = Universal;
		};
		4B9BDCE022BD930E009FD96B /* PBXContainerItemProxy */ = {
			isa = PBXContainerItemProxy;
			containerPortal = 4B9A4C8322BA6F22005F29FF /* Project object */;
			proxyType = 1;
			remoteGlobalIDString = 4B9BDCCC22BD86D8009FD96B;
			remoteInfo = Universal;
		};
/* End PBXContainerItemProxy section */

/* Begin PBXCopyFilesBuildPhase section */
		4B9BDCD922BD86D8009FD96B /* Embed Frameworks */ = {
			isa = PBXCopyFilesBuildPhase;
			buildActionMask = 2147483647;
			dstPath = "";
			dstSubfolderSpec = 10;
			files = (
				4B9BDCD522BD86D8009FD96B /* Universal.framework in Embed Frameworks */,
			);
			name = "Embed Frameworks";
			runOnlyForDeploymentPostprocessing = 0;
		};
/* End PBXCopyFilesBuildPhase section */

/* Begin PBXFileReference section */
		4B64AEDC22BFAEFC0078C63B /* objc-internal.h */ = {isa = PBXFileReference; fileEncoding = 4; lastKnownFileType = sourcecode.c.h; path = "objc-internal.h"; sourceTree = "<group>"; };
		4B64AEDE22BFB5940078C63B /* README.md */ = {isa = PBXFileReference; lastKnownFileType = net.daringfireball.markdown; path = README.md; sourceTree = "<group>"; };
		4B64AEDF22BFC4200078C63B /* TestHelper.h */ = {isa = PBXFileReference; lastKnownFileType = sourcecode.c.h; path = TestHelper.h; sourceTree = "<group>"; };
		4B64AEE022BFC4200078C63B /* TestHelper.m */ = {isa = PBXFileReference; lastKnownFileType = sourcecode.c.objc; path = TestHelper.m; sourceTree = "<group>"; };
		4B64AEE222BFC9F00078C63B /* Makefile */ = {isa = PBXFileReference; explicitFileType = text.script.sh; path = Makefile; sourceTree = "<group>"; };
		4B9A4C8B22BA6F22005F29FF /* StringMemory.app */ = {isa = PBXFileReference; explicitFileType = wrapper.application; includeInIndex = 0; path = StringMemory.app; sourceTree = BUILT_PRODUCTS_DIR; };
		4B9A4C8E22BA6F22005F29FF /* AppDelegate.h */ = {isa = PBXFileReference; lastKnownFileType = sourcecode.c.h; path = AppDelegate.h; sourceTree = "<group>"; };
		4B9A4C8F22BA6F22005F29FF /* AppDelegate.m */ = {isa = PBXFileReference; lastKnownFileType = sourcecode.c.objc; path = AppDelegate.m; sourceTree = "<group>"; };
		4B9A4C9122BA6F22005F29FF /* ViewController.h */ = {isa = PBXFileReference; lastKnownFileType = sourcecode.c.h; path = ViewController.h; sourceTree = "<group>"; };
		4B9A4C9222BA6F22005F29FF /* ViewController.m */ = {isa = PBXFileReference; lastKnownFileType = sourcecode.c.objc; path = ViewController.m; sourceTree = "<group>"; };
		4B9A4C9522BA6F22005F29FF /* Base */ = {isa = PBXFileReference; lastKnownFileType = file.storyboard; name = Base; path = Base.lproj/Main.storyboard; sourceTree = "<group>"; };
		4B9A4C9722BA6F23005F29FF /* Assets.xcassets */ = {isa = PBXFileReference; lastKnownFileType = folder.assetcatalog; path = Assets.xcassets; sourceTree = "<group>"; };
		4B9A4C9A22BA6F23005F29FF /* Base */ = {isa = PBXFileReference; lastKnownFileType = file.storyboard; name = Base; path = Base.lproj/LaunchScreen.storyboard; sourceTree = "<group>"; };
		4B9A4C9C22BA6F23005F29FF /* Info.plist */ = {isa = PBXFileReference; lastKnownFileType = text.plist.xml; path = Info.plist; sourceTree = "<group>"; };
		4B9A4C9D22BA6F23005F29FF /* main.m */ = {isa = PBXFileReference; lastKnownFileType = sourcecode.c.objc; path = main.m; sourceTree = "<group>"; };
		4B9A4CA322BA6F23005F29FF /* StringMemoryTests.xctest */ = {isa = PBXFileReference; explicitFileType = wrapper.cfbundle; includeInIndex = 0; path = StringMemoryTests.xctest; sourceTree = BUILT_PRODUCTS_DIR; };
		4B9A4CA722BA6F23005F29FF /* StringMemoryTests.m */ = {isa = PBXFileReference; lastKnownFileType = sourcecode.c.objc; path = StringMemoryTests.m; sourceTree = "<group>"; };
		4B9A4CA922BA6F23005F29FF /* Info.plist */ = {isa = PBXFileReference; lastKnownFileType = text.plist.xml; path = Info.plist; sourceTree = "<group>"; };
		4B9A4CB222BA8122005F29FF /* CoreFoundationInternals.h */ = {isa = PBXFileReference; lastKnownFileType = sourcecode.c.h; path = CoreFoundationInternals.h; sourceTree = "<group>"; };
		4B9BDCCD22BD86D8009FD96B /* Universal.framework */ = {isa = PBXFileReference; explicitFileType = wrapper.framework; includeInIndex = 0; path = Universal.framework; sourceTree = BUILT_PRODUCTS_DIR; };
		4B9BDCCF22BD86D8009FD96B /* Universal.h */ = {isa = PBXFileReference; lastKnownFileType = sourcecode.c.h; path = Universal.h; sourceTree = "<group>"; };
		4B9BDCD022BD86D8009FD96B /* Info.plist */ = {isa = PBXFileReference; lastKnownFileType = text.plist.xml; path = Info.plist; sourceTree = "<group>"; };
		4B9BDCDA22BD88E8009FD96B /* SafeString.h */ = {isa = PBXFileReference; lastKnownFileType = sourcecode.c.h; path = SafeString.h; sourceTree = "<group>"; };
		4B9BDCDB22BD88E8009FD96B /* SafeString.m */ = {isa = PBXFileReference; lastKnownFileType = sourcecode.c.objc; path = SafeString.m; sourceTree = "<group>"; };
		4BE14BB322BB8A8A00BFE957 /* .travis.yml */ = {isa = PBXFileReference; explicitFileType = text.script.ruby; path = .travis.yml; sourceTree = "<group>"; };
/* End PBXFileReference section */

/* Begin PBXFrameworksBuildPhase section */
		4B9A4C8822BA6F22005F29FF /* Frameworks */ = {
			isa = PBXFrameworksBuildPhase;
			buildActionMask = 2147483647;
			files = (
				4B9BDCD422BD86D8009FD96B /* Universal.framework in Frameworks */,
			);
			runOnlyForDeploymentPostprocessing = 0;
		};
		4B9A4CA022BA6F23005F29FF /* Frameworks */ = {
			isa = PBXFrameworksBuildPhase;
			buildActionMask = 2147483647;
			files = (
			);
			runOnlyForDeploymentPostprocessing = 0;
		};
		4B9BDCCA22BD86D8009FD96B /* Frameworks */ = {
			isa = PBXFrameworksBuildPhase;
			buildActionMask = 2147483647;
			files = (
			);
			runOnlyForDeploymentPostprocessing = 0;
		};
/* End PBXFrameworksBuildPhase section */

/* Begin PBXGroup section */
		4B64AEDB22BFAEFC0078C63B /* ThirdParty */ = {
			isa = PBXGroup;
			children = (
				4B64AEDC22BFAEFC0078C63B /* objc-internal.h */,
			);
			path = ThirdParty;
			sourceTree = "<group>";
		};
		4B9A4C8222BA6F22005F29FF = {
			isa = PBXGroup;
			children = (
				4BE14BB322BB8A8A00BFE957 /* .travis.yml */,
				4B64AEE222BFC9F00078C63B /* Makefile */,
				4B64AEDE22BFB5940078C63B /* README.md */,
				4B9A4C8D22BA6F22005F29FF /* StringMemory */,
				4B9A4CA622BA6F23005F29FF /* StringMemoryTests */,
				4B9BDCCE22BD86D8009FD96B /* Universal */,
				4B64AEDB22BFAEFC0078C63B /* ThirdParty */,
				4B9A4C8C22BA6F22005F29FF /* Products */,
				4B9BDCDE22BD92FF009FD96B /* Frameworks */,
			);
			sourceTree = "<group>";
		};
		4B9A4C8C22BA6F22005F29FF /* Products */ = {
			isa = PBXGroup;
			children = (
				4B9A4C8B22BA6F22005F29FF /* StringMemory.app */,
				4B9A4CA322BA6F23005F29FF /* StringMemoryTests.xctest */,
				4B9BDCCD22BD86D8009FD96B /* Universal.framework */,
			);
			name = Products;
			sourceTree = "<group>";
		};
		4B9A4C8D22BA6F22005F29FF /* StringMemory */ = {
			isa = PBXGroup;
			children = (
				4B9A4C8E22BA6F22005F29FF /* AppDelegate.h */,
				4B9A4C8F22BA6F22005F29FF /* AppDelegate.m */,
				4B9A4C9122BA6F22005F29FF /* ViewController.h */,
				4B9A4C9222BA6F22005F29FF /* ViewController.m */,
				4B9A4C9422BA6F22005F29FF /* Main.storyboard */,
				4B9A4C9722BA6F23005F29FF /* Assets.xcassets */,
				4B9A4C9922BA6F23005F29FF /* LaunchScreen.storyboard */,
				4B9A4C9C22BA6F23005F29FF /* Info.plist */,
				4B9A4C9D22BA6F23005F29FF /* main.m */,
			);
			path = StringMemory;
			sourceTree = "<group>";
		};
		4B9A4CA622BA6F23005F29FF /* StringMemoryTests */ = {
			isa = PBXGroup;
			children = (
				4B9A4CA722BA6F23005F29FF /* StringMemoryTests.m */,
				4B64AEDF22BFC4200078C63B /* TestHelper.h */,
				4B64AEE022BFC4200078C63B /* TestHelper.m */,
				4B9A4CA922BA6F23005F29FF /* Info.plist */,
			);
			path = StringMemoryTests;
			sourceTree = "<group>";
		};
		4B9BDCCE22BD86D8009FD96B /* Universal */ = {
			isa = PBXGroup;
			children = (
				4B9BDCCF22BD86D8009FD96B /* Universal.h */,
				4B9A4CB222BA8122005F29FF /* CoreFoundationInternals.h */,
				4B9BDCDA22BD88E8009FD96B /* SafeString.h */,
				4B9BDCDB22BD88E8009FD96B /* SafeString.m */,
				4B9BDCD022BD86D8009FD96B /* Info.plist */,
			);
			path = Universal;
			sourceTree = "<group>";
		};
		4B9BDCDE22BD92FF009FD96B /* Frameworks */ = {
			isa = PBXGroup;
			children = (
			);
			name = Frameworks;
			sourceTree = "<group>";
		};
/* End PBXGroup section */

/* Begin PBXHeadersBuildPhase section */
		4B9BDCC822BD86D8009FD96B /* Headers */ = {
			isa = PBXHeadersBuildPhase;
			buildActionMask = 2147483647;
			files = (
				4B9BDCDC22BD88E8009FD96B /* SafeString.h in Headers */,
				4B9BDCD122BD86D8009FD96B /* Universal.h in Headers */,
			);
			runOnlyForDeploymentPostprocessing = 0;
		};
/* End PBXHeadersBuildPhase section */

/* Begin PBXNativeTarget section */
		4B9A4C8A22BA6F22005F29FF /* StringMemory */ = {
			isa = PBXNativeTarget;
			buildConfigurationList = 4B9A4CAC22BA6F23005F29FF /* Build configuration list for PBXNativeTarget "StringMemory" */;
			buildPhases = (
				4B9A4C8722BA6F22005F29FF /* Sources */,
				4B9A4C8822BA6F22005F29FF /* Frameworks */,
				4B9A4C8922BA6F22005F29FF /* Resources */,
				4B9BDCD922BD86D8009FD96B /* Embed Frameworks */,
			);
			buildRules = (
			);
			dependencies = (
				4B9BDCD322BD86D8009FD96B /* PBXTargetDependency */,
			);
			name = StringMemory;
			productName = StringMemory;
			productReference = 4B9A4C8B22BA6F22005F29FF /* StringMemory.app */;
			productType = "com.apple.product-type.application";
		};
		4B9A4CA222BA6F23005F29FF /* StringMemoryTests */ = {
			isa = PBXNativeTarget;
			buildConfigurationList = 4B9A4CAF22BA6F23005F29FF /* Build configuration list for PBXNativeTarget "StringMemoryTests" */;
			buildPhases = (
				4B9A4C9F22BA6F23005F29FF /* Sources */,
				4B9A4CA022BA6F23005F29FF /* Frameworks */,
				4B9A4CA122BA6F23005F29FF /* Resources */,
			);
			buildRules = (
			);
			dependencies = (
				4B9BDCE122BD930E009FD96B /* PBXTargetDependency */,
			);
			name = StringMemoryTests;
			productName = StringMemoryTests;
			productReference = 4B9A4CA322BA6F23005F29FF /* StringMemoryTests.xctest */;
			productType = "com.apple.product-type.bundle.unit-test";
		};
		4B9BDCCC22BD86D8009FD96B /* Universal */ = {
			isa = PBXNativeTarget;
			buildConfigurationList = 4B9BDCD822BD86D8009FD96B /* Build configuration list for PBXNativeTarget "Universal" */;
			buildPhases = (
				4B9BDCC822BD86D8009FD96B /* Headers */,
				4B9BDCC922BD86D8009FD96B /* Sources */,
				4B9BDCCA22BD86D8009FD96B /* Frameworks */,
				4B9BDCCB22BD86D8009FD96B /* Resources */,
			);
			buildRules = (
			);
			dependencies = (
			);
			name = Universal;
			productName = Universal;
			productReference = 4B9BDCCD22BD86D8009FD96B /* Universal.framework */;
			productType = "com.apple.product-type.framework";
		};
/* End PBXNativeTarget section */

/* Begin PBXProject section */
		4B9A4C8322BA6F22005F29FF /* Project object */ = {
			isa = PBXProject;
			attributes = {
				LastUpgradeCheck = 1020;
				ORGANIZATIONNAME = "Paul Zabelin";
				TargetAttributes = {
					4B9A4C8A22BA6F22005F29FF = {
						CreatedOnToolsVersion = 10.2.1;
					};
					4B9A4CA222BA6F23005F29FF = {
						CreatedOnToolsVersion = 10.2.1;
					};
					4B9BDCCC22BD86D8009FD96B = {
						CreatedOnToolsVersion = 10.2.1;
					};
				};
			};
			buildConfigurationList = 4B9A4C8622BA6F22005F29FF /* Build configuration list for PBXProject "StringMemory" */;
			compatibilityVersion = "Xcode 9.3";
			developmentRegion = en;
			hasScannedForEncodings = 0;
			knownRegions = (
				en,
				Base,
			);
			mainGroup = 4B9A4C8222BA6F22005F29FF;
			productRefGroup = 4B9A4C8C22BA6F22005F29FF /* Products */;
			projectDirPath = "";
			projectRoot = "";
			targets = (
				4B9A4C8A22BA6F22005F29FF /* StringMemory */,
				4B9A4CA222BA6F23005F29FF /* StringMemoryTests */,
				4B9BDCCC22BD86D8009FD96B /* Universal */,
			);
		};
/* End PBXProject section */

/* Begin PBXResourcesBuildPhase section */
		4B9A4C8922BA6F22005F29FF /* Resources */ = {
			isa = PBXResourcesBuildPhase;
			buildActionMask = 2147483647;
			files = (
				4B9A4C9B22BA6F23005F29FF /* LaunchScreen.storyboard in Resources */,
				4B9A4C9822BA6F23005F29FF /* Assets.xcassets in Resources */,
				4B9A4C9622BA6F22005F29FF /* Main.storyboard in Resources */,
			);
			runOnlyForDeploymentPostprocessing = 0;
		};
		4B9A4CA122BA6F23005F29FF /* Resources */ = {
			isa = PBXResourcesBuildPhase;
			buildActionMask = 2147483647;
			files = (
			);
			runOnlyForDeploymentPostprocessing = 0;
		};
		4B9BDCCB22BD86D8009FD96B /* Resources */ = {
			isa = PBXResourcesBuildPhase;
			buildActionMask = 2147483647;
			files = (
				4B64AEDD22BFAEFC0078C63B /* objc-internal.h in Resources */,
			);
			runOnlyForDeploymentPostprocessing = 0;
		};
/* End PBXResourcesBuildPhase section */

/* Begin PBXSourcesBuildPhase section */
		4B9A4C8722BA6F22005F29FF /* Sources */ = {
			isa = PBXSourcesBuildPhase;
			buildActionMask = 2147483647;
			files = (
				4B9A4C9322BA6F22005F29FF /* ViewController.m in Sources */,
				4B9A4C9E22BA6F23005F29FF /* main.m in Sources */,
				4B9A4C9022BA6F22005F29FF /* AppDelegate.m in Sources */,
			);
			runOnlyForDeploymentPostprocessing = 0;
		};
		4B9A4C9F22BA6F23005F29FF /* Sources */ = {
			isa = PBXSourcesBuildPhase;
			buildActionMask = 2147483647;
			files = (
				4B9A4CA822BA6F23005F29FF /* StringMemoryTests.m in Sources */,
				4B64AEE122BFC4200078C63B /* TestHelper.m in Sources */,
			);
			runOnlyForDeploymentPostprocessing = 0;
		};
		4B9BDCC922BD86D8009FD96B /* Sources */ = {
			isa = PBXSourcesBuildPhase;
			buildActionMask = 2147483647;
			files = (
				4B9BDCDD22BD88E8009FD96B /* SafeString.m in Sources */,
			);
			runOnlyForDeploymentPostprocessing = 0;
		};
/* End PBXSourcesBuildPhase section */

/* Begin PBXTargetDependency section */
		4B9BDCD322BD86D8009FD96B /* PBXTargetDependency */ = {
			isa = PBXTargetDependency;
			target = 4B9BDCCC22BD86D8009FD96B /* Universal */;
			targetProxy = 4B9BDCD222BD86D8009FD96B /* PBXContainerItemProxy */;
		};
		4B9BDCE122BD930E009FD96B /* PBXTargetDependency */ = {
			isa = PBXTargetDependency;
			target = 4B9BDCCC22BD86D8009FD96B /* Universal */;
			targetProxy = 4B9BDCE022BD930E009FD96B /* PBXContainerItemProxy */;
		};
/* End PBXTargetDependency section */

/* Begin PBXVariantGroup section */
		4B9A4C9422BA6F22005F29FF /* Main.storyboard */ = {
			isa = PBXVariantGroup;
			children = (
				4B9A4C9522BA6F22005F29FF /* Base */,
			);
			name = Main.storyboard;
			sourceTree = "<group>";
		};
		4B9A4C9922BA6F23005F29FF /* LaunchScreen.storyboard */ = {
			isa = PBXVariantGroup;
			children = (
				4B9A4C9A22BA6F23005F29FF /* Base */,
			);
			name = LaunchScreen.storyboard;
			sourceTree = "<group>";
		};
/* End PBXVariantGroup section */

/* Begin XCBuildConfiguration section */
		4B9A4CAA22BA6F23005F29FF /* Debug */ = {
			isa = XCBuildConfiguration;
			buildSettings = {
				ALWAYS_SEARCH_USER_PATHS = NO;
				CLANG_ANALYZER_NONNULL = YES;
				CLANG_ANALYZER_NUMBER_OBJECT_CONVERSION = YES_AGGRESSIVE;
				CLANG_CXX_LANGUAGE_STANDARD = "gnu++14";
				CLANG_CXX_LIBRARY = "libc++";
				CLANG_ENABLE_MODULES = YES;
				CLANG_ENABLE_OBJC_ARC = YES;
				CLANG_ENABLE_OBJC_WEAK = YES;
				CLANG_WARN_BLOCK_CAPTURE_AUTORELEASING = YES;
				CLANG_WARN_BOOL_CONVERSION = YES;
				CLANG_WARN_COMMA = YES;
				CLANG_WARN_CONSTANT_CONVERSION = YES;
				CLANG_WARN_DEPRECATED_OBJC_IMPLEMENTATIONS = YES;
				CLANG_WARN_DIRECT_OBJC_ISA_USAGE = YES_ERROR;
				CLANG_WARN_DOCUMENTATION_COMMENTS = YES;
				CLANG_WARN_EMPTY_BODY = YES;
				CLANG_WARN_ENUM_CONVERSION = YES;
				CLANG_WARN_INFINITE_RECURSION = YES;
				CLANG_WARN_INT_CONVERSION = YES;
				CLANG_WARN_NON_LITERAL_NULL_CONVERSION = YES;
				CLANG_WARN_OBJC_IMPLICIT_RETAIN_SELF = YES;
				CLANG_WARN_OBJC_LITERAL_CONVERSION = YES;
				CLANG_WARN_OBJC_ROOT_CLASS = YES_ERROR;
				CLANG_WARN_RANGE_LOOP_ANALYSIS = YES;
				CLANG_WARN_STRICT_PROTOTYPES = YES;
				CLANG_WARN_SUSPICIOUS_MOVE = YES;
				CLANG_WARN_UNGUARDED_AVAILABILITY = YES_AGGRESSIVE;
				CLANG_WARN_UNREACHABLE_CODE = YES;
				CLANG_WARN__DUPLICATE_METHOD_MATCH = YES;
				CODE_SIGN_IDENTITY = "iPhone Developer";
				COPY_PHASE_STRIP = NO;
				DEBUG_INFORMATION_FORMAT = dwarf;
				ENABLE_STRICT_OBJC_MSGSEND = YES;
				ENABLE_TESTABILITY = YES;
				GCC_C_LANGUAGE_STANDARD = gnu11;
				GCC_DYNAMIC_NO_PIC = NO;
				GCC_NO_COMMON_BLOCKS = YES;
				GCC_OPTIMIZATION_LEVEL = 0;
				GCC_PREPROCESSOR_DEFINITIONS = (
					"DEBUG=1",
					"$(inherited)",
				);
				GCC_WARN_64_TO_32_BIT_CONVERSION = YES;
				GCC_WARN_ABOUT_RETURN_TYPE = YES_ERROR;
				GCC_WARN_UNDECLARED_SELECTOR = YES;
				GCC_WARN_UNINITIALIZED_AUTOS = YES_AGGRESSIVE;
				GCC_WARN_UNUSED_FUNCTION = YES;
				GCC_WARN_UNUSED_VARIABLE = YES;
				IPHONEOS_DEPLOYMENT_TARGET = 9.3;
				MTL_ENABLE_DEBUG_INFO = INCLUDE_SOURCE;
				MTL_FAST_MATH = YES;
				ONLY_ACTIVE_ARCH = YES;
				SDKROOT = iphoneos;
			};
			name = Debug;
		};
		4B9A4CAB22BA6F23005F29FF /* Release */ = {
			isa = XCBuildConfiguration;
			buildSettings = {
				ALWAYS_SEARCH_USER_PATHS = NO;
				CLANG_ANALYZER_NONNULL = YES;
				CLANG_ANALYZER_NUMBER_OBJECT_CONVERSION = YES_AGGRESSIVE;
				CLANG_CXX_LANGUAGE_STANDARD = "gnu++14";
				CLANG_CXX_LIBRARY = "libc++";
				CLANG_ENABLE_MODULES = YES;
				CLANG_ENABLE_OBJC_ARC = YES;
				CLANG_ENABLE_OBJC_WEAK = YES;
				CLANG_WARN_BLOCK_CAPTURE_AUTORELEASING = YES;
				CLANG_WARN_BOOL_CONVERSION = YES;
				CLANG_WARN_COMMA = YES;
				CLANG_WARN_CONSTANT_CONVERSION = YES;
				CLANG_WARN_DEPRECATED_OBJC_IMPLEMENTATIONS = YES;
				CLANG_WARN_DIRECT_OBJC_ISA_USAGE = YES_ERROR;
				CLANG_WARN_DOCUMENTATION_COMMENTS = YES;
				CLANG_WARN_EMPTY_BODY = YES;
				CLANG_WARN_ENUM_CONVERSION = YES;
				CLANG_WARN_INFINITE_RECURSION = YES;
				CLANG_WARN_INT_CONVERSION = YES;
				CLANG_WARN_NON_LITERAL_NULL_CONVERSION = YES;
				CLANG_WARN_OBJC_IMPLICIT_RETAIN_SELF = YES;
				CLANG_WARN_OBJC_LITERAL_CONVERSION = YES;
				CLANG_WARN_OBJC_ROOT_CLASS = YES_ERROR;
				CLANG_WARN_RANGE_LOOP_ANALYSIS = YES;
				CLANG_WARN_STRICT_PROTOTYPES = YES;
				CLANG_WARN_SUSPICIOUS_MOVE = YES;
				CLANG_WARN_UNGUARDED_AVAILABILITY = YES_AGGRESSIVE;
				CLANG_WARN_UNREACHABLE_CODE = YES;
				CLANG_WARN__DUPLICATE_METHOD_MATCH = YES;
				CODE_SIGN_IDENTITY = "iPhone Developer";
				COPY_PHASE_STRIP = NO;
				DEBUG_INFORMATION_FORMAT = "dwarf-with-dsym";
				ENABLE_NS_ASSERTIONS = NO;
				ENABLE_STRICT_OBJC_MSGSEND = YES;
				GCC_C_LANGUAGE_STANDARD = gnu11;
				GCC_NO_COMMON_BLOCKS = YES;
				GCC_WARN_64_TO_32_BIT_CONVERSION = YES;
				GCC_WARN_ABOUT_RETURN_TYPE = YES_ERROR;
				GCC_WARN_UNDECLARED_SELECTOR = YES;
				GCC_WARN_UNINITIALIZED_AUTOS = YES_AGGRESSIVE;
				GCC_WARN_UNUSED_FUNCTION = YES;
				GCC_WARN_UNUSED_VARIABLE = YES;
				IPHONEOS_DEPLOYMENT_TARGET = 9.3;
				MTL_ENABLE_DEBUG_INFO = NO;
				MTL_FAST_MATH = YES;
				SDKROOT = iphoneos;
				VALIDATE_PRODUCT = YES;
			};
			name = Release;
		};
		4B9A4CAD22BA6F23005F29FF /* Debug */ = {
			isa = XCBuildConfiguration;
			buildSettings = {
				ASSETCATALOG_COMPILER_APPICON_NAME = AppIcon;
				CODE_SIGN_STYLE = Automatic;
				DEVELOPMENT_TEAM = 372ZUL2ZB7;
				INFOPLIST_FILE = StringMemory/Info.plist;
				LD_RUNPATH_SEARCH_PATHS = (
					"$(inherited)",
					"@executable_path/Frameworks",
				);
				PRODUCT_BUNDLE_IDENTIFIER = com.bugsnag.StringMemory;
				PRODUCT_NAME = "$(TARGET_NAME)";
				TARGETED_DEVICE_FAMILY = "1,2";
				swift_version = "";
			};
			name = Debug;
		};
		4B9A4CAE22BA6F23005F29FF /* Release */ = {
			isa = XCBuildConfiguration;
			buildSettings = {
				ASSETCATALOG_COMPILER_APPICON_NAME = AppIcon;
				CODE_SIGN_STYLE = Automatic;
				DEVELOPMENT_TEAM = 372ZUL2ZB7;
				INFOPLIST_FILE = StringMemory/Info.plist;
				LD_RUNPATH_SEARCH_PATHS = (
					"$(inherited)",
					"@executable_path/Frameworks",
				);
				PRODUCT_BUNDLE_IDENTIFIER = com.bugsnag.StringMemory;
				PRODUCT_NAME = "$(TARGET_NAME)";
				TARGETED_DEVICE_FAMILY = "1,2";
			};
			name = Release;
		};
		4B9A4CB022BA6F23005F29FF /* Debug */ = {
			isa = XCBuildConfiguration;
			buildSettings = {
				CODE_SIGN_IDENTITY = "";
				CODE_SIGN_STYLE = Manual;
				INFOPLIST_FILE = StringMemoryTests/Info.plist;
				LD_RUNPATH_SEARCH_PATHS = (
					"$(inherited)",
					"@executable_path/Frameworks",
					"@loader_path/Frameworks",
				);
				MACOSX_DEPLOYMENT_TARGET = 10.12;
				PRODUCT_BUNDLE_IDENTIFIER = com.bugsnag.StringMemoryTests;
				PRODUCT_NAME = "$(TARGET_NAME)";
				SUPPORTED_PLATFORMS = "iphonesimulator iphoneos macos watchsimulator watchos appletvos appletvsimulator macosx";
				TARGETED_DEVICE_FAMILY = "1,2,3";
				TVOS_DEPLOYMENT_TARGET = 9.2;
				WATCHOS_DEPLOYMENT_TARGET = 4.2;
			};
			name = Debug;
		};
		4B9A4CB122BA6F23005F29FF /* Release */ = {
			isa = XCBuildConfiguration;
			buildSettings = {
				CODE_SIGN_IDENTITY = "";
				CODE_SIGN_STYLE = Manual;
				INFOPLIST_FILE = StringMemoryTests/Info.plist;
				LD_RUNPATH_SEARCH_PATHS = (
					"$(inherited)",
					"@executable_path/Frameworks",
					"@loader_path/Frameworks",
				);
				MACOSX_DEPLOYMENT_TARGET = 10.12;
				PRODUCT_BUNDLE_IDENTIFIER = com.bugsnag.StringMemoryTests;
				PRODUCT_NAME = "$(TARGET_NAME)";
				SUPPORTED_PLATFORMS = "iphonesimulator iphoneos macos watchsimulator watchos appletvos appletvsimulator macosx";
				TARGETED_DEVICE_FAMILY = "1,2,3";
				TVOS_DEPLOYMENT_TARGET = 9.2;
				WATCHOS_DEPLOYMENT_TARGET = 4.2;
			};
			name = Release;
		};
		4B9BDCD622BD86D8009FD96B /* Debug */ = {
			isa = XCBuildConfiguration;
			buildSettings = {
				CODE_SIGN_IDENTITY = "";
				CODE_SIGN_STYLE = Automatic;
				CURRENT_PROJECT_VERSION = 1;
				DEFINES_MODULE = YES;
				DEVELOPMENT_TEAM = 372ZUL2ZB7;
				DYLIB_COMPATIBILITY_VERSION = 1;
				DYLIB_CURRENT_VERSION = 1;
				DYLIB_INSTALL_NAME_BASE = "@rpath";
				INFOPLIST_FILE = Universal/Info.plist;
				INSTALL_PATH = "$(LOCAL_LIBRARY_DIR)/Frameworks";
				IPHONEOS_DEPLOYMENT_TARGET = 9.3;
				LD_RUNPATH_SEARCH_PATHS = (
					"$(inherited)",
					"@executable_path/Frameworks",
					"@loader_path/Frameworks",
				);
				MACOSX_DEPLOYMENT_TARGET = 10.12;
				PRODUCT_BUNDLE_IDENTIFIER = com.bugsnag.Universal;
				PRODUCT_NAME = "$(TARGET_NAME:c99extidentifier)";
				SKIP_INSTALL = YES;
				SUPPORTED_PLATFORMS = "iphonesimulator iphoneos macos watchsimulator watchos appletvos appletvsimulator macosx";
				TARGETED_DEVICE_FAMILY = "1,2,3";
				TVOS_DEPLOYMENT_TARGET = 9.2;
				VERSIONING_SYSTEM = "apple-generic";
				VERSION_INFO_PREFIX = "";
				WATCHOS_DEPLOYMENT_TARGET = 4.2;
			};
			name = Debug;
		};
		4B9BDCD722BD86D8009FD96B /* Release */ = {
			isa = XCBuildConfiguration;
			buildSettings = {
				CODE_SIGN_IDENTITY = "";
				CODE_SIGN_STYLE = Automatic;
				CURRENT_PROJECT_VERSION = 1;
				DEFINES_MODULE = YES;
				DEVELOPMENT_TEAM = 372ZUL2ZB7;
				DYLIB_COMPATIBILITY_VERSION = 1;
				DYLIB_CURRENT_VERSION = 1;
				DYLIB_INSTALL_NAME_BASE = "@rpath";
				INFOPLIST_FILE = Universal/Info.plist;
				INSTALL_PATH = "$(LOCAL_LIBRARY_DIR)/Frameworks";
				IPHONEOS_DEPLOYMENT_TARGET = 9.3;
				LD_RUNPATH_SEARCH_PATHS = (
					"$(inherited)",
					"@executable_path/Frameworks",
					"@loader_path/Frameworks",
				);
				MACOSX_DEPLOYMENT_TARGET = 10.12;
				PRODUCT_BUNDLE_IDENTIFIER = com.bugsnag.Universal;
				PRODUCT_NAME = "$(TARGET_NAME:c99extidentifier)";
				SKIP_INSTALL = YES;
				SUPPORTED_PLATFORMS = "iphonesimulator iphoneos macos watchsimulator watchos appletvos appletvsimulator macosx";
				TARGETED_DEVICE_FAMILY = "1,2,3";
				TVOS_DEPLOYMENT_TARGET = 9.2;
				VERSIONING_SYSTEM = "apple-generic";
				VERSION_INFO_PREFIX = "";
				WATCHOS_DEPLOYMENT_TARGET = 4.2;
			};
			name = Release;
		};
/* End XCBuildConfiguration section */

/* Begin XCConfigurationList section */
		4B9A4C8622BA6F22005F29FF /* Build configuration list for PBXProject "StringMemory" */ = {
			isa = XCConfigurationList;
			buildConfigurations = (
				4B9A4CAA22BA6F23005F29FF /* Debug */,
				4B9A4CAB22BA6F23005F29FF /* Release */,
			);
			defaultConfigurationIsVisible = 0;
			defaultConfigurationName = Release;
		};
		4B9A4CAC22BA6F23005F29FF /* Build configuration list for PBXNativeTarget "StringMemory" */ = {
			isa = XCConfigurationList;
			buildConfigurations = (
				4B9A4CAD22BA6F23005F29FF /* Debug */,
				4B9A4CAE22BA6F23005F29FF /* Release */,
			);
			defaultConfigurationIsVisible = 0;
			defaultConfigurationName = Release;
		};
		4B9A4CAF22BA6F23005F29FF /* Build configuration list for PBXNativeTarget "StringMemoryTests" */ = {
			isa = XCConfigurationList;
			buildConfigurations = (
				4B9A4CB022BA6F23005F29FF /* Debug */,
				4B9A4CB122BA6F23005F29FF /* Release */,
			);
			defaultConfigurationIsVisible = 0;
			defaultConfigurationName = Release;
		};
		4B9BDCD822BD86D8009FD96B /* Build configuration list for PBXNativeTarget "Universal" */ = {
			isa = XCConfigurationList;
			buildConfigurations = (
				4B9BDCD622BD86D8009FD96B /* Debug */,
				4B9BDCD722BD86D8009FD96B /* Release */,
			);
			defaultConfigurationIsVisible = 0;
			defaultConfigurationName = Release;
		};
/* End XCConfigurationList section */
	};
	rootObject = 4B9A4C8322BA6F22005F29FF /* Project object */;
}
